
Microsoft Visual Studio Solution File, Format Version 12.00
# Visual Studio Version 16
VisualStudioVersion = 16.0.30114.105
MinimumVisualStudioVersion = 10.0.40219.1
Project("{FAE04EC0-301F-11D3-BF4B-00C04F79EFBC}") = "CreateFile", "CreateFile.csproj", "{2D18A631-AD64-4C10-9E13-4AB8F67BC243}"
EndProject
Global
	GlobalSection(SolutionConfigurationPlatforms) = preSolution
		Debug|Any CPU = Debug|Any CPU
		Release|Any CPU = Release|Any CPU
	EndGlobalSection
	GlobalSection(ProjectConfigurationPlatforms) = postSolution
		{2D18A631-AD64-4C10-9E13-4AB8F67BC243}.Debug|Any CPU.ActiveCfg = Debug|Any CPU
		{2D18A631-AD64-4C10-9E13-4AB8F67BC243}.Debug|Any CPU.Build.0 = Debug|Any CPU
		{2D18A631-AD64-4C10-9E13-4AB8F67BC243}.Release|Any CPU.ActiveCfg = Release|Any CPU
		{2D18A631-AD64-4C10-9E13-4AB8F67BC243}.Release|Any CPU.Build.0 = Release|Any CPU
	EndGlobalSection
	GlobalSection(SolutionProperties) = preSolution
		HideSolutionNode = FALSE
	EndGlobalSection
	GlobalSection(ExtensibilityGlobals) = postSolution
		SolutionGuid = {4EE66699-5DCB-4347-AE0B-F7AB586F4B6A}
	EndGlobalSection
EndGlobal
